<?xml version="1.0" encoding="utf-8"?>
<Project ToolsVersion="4.0" xmlns="http://schemas.microsoft.com/developer/msbuild/2003">
  <ItemGroup>
    <Filter Include="源文件">
      <UniqueIdentifier>{4FC737F1-C7A5-4376-A066-2A32D752A2FF}</UniqueIdentifier>
      <Extensions>cpp;c;cc;cxx;c++;cppm;ixx;def;odl;idl;hpj;bat;asm;asmx</Extensions>
    </Filter>
    <Filter Include="头文件">
      <UniqueIdentifier>{93995380-89BD-4b04-88EB-625FBE52EBFB}</UniqueIdentifier>
      <Extensions>h;hh;hpp;hxx;h++;hm;inl;inc;ipp;xsd</Extensions>
    </Filter>
    <Filter Include="资源文件">
      <UniqueIdentifier>{67DA6AB6-F800-4c08-8B7A-83BB121AAD01}</UniqueIdentifier>
      <Extensions>rc;ico;cur;bmp;dlg;rc2;rct;bin;rgs;gif;jpg;jpeg;jpe;resx;tiff;tif;png;wav;mfcribbon-ms</Extensions>
    </Filter>
    <Filter Include="源文件\1.getting_started">
      <UniqueIdentifier>{2e7235f6-bbc7-4dd7-bb51-bb7882ffd59e}</UniqueIdentifier>
    </Filter>
    <Filter Include="源文件\1.getting_started\1.1.hello_window">
      <UniqueIdentifier>{e69887aa-b6ec-4023-b5b7-15d4ae2cf76f}</UniqueIdentifier>
    </Filter>
    <Filter Include="源文件\1.getting_started\1.2.hello_window_clear">
      <UniqueIdentifier>{3cf8309d-6bb4-43ee-ac38-e421d2493f5c}</UniqueIdentifier>
    </Filter>
  </ItemGroup>
  <ItemGroup>
    <ClCompile Include="..\..\Download\glad\src\glad.c">
      <Filter>源文件</Filter>
    </ClCompile>
    <ClCompile Include="hello_trangle.cpp">
      <Filter>源文件</Filter>
    </ClCompile>
    <ClCompile Include="hello_trangle_exercise_1.cpp">
      <Filter>源文件</Filter>
    </ClCompile>
    <ClCompile Include="hello_trangle_exercise_2.cpp">
      <Filter>源文件</Filter>
    </ClCompile>
    <ClCompile Include="hello_trangle_exercise_3.cpp">
      <Filter>源文件</Filter>
    </ClCompile>
    <ClCompile Include="shaders_uniform.cpp">
      <Filter>源文件</Filter>
    </ClCompile>
    <ClCompile Include="shader.cpp">
      <Filter>源文件</Filter>
    </ClCompile>
    <ClCompile Include="hello_window.cpp">
      <Filter>源文件\1.getting_started\1.1.hello_window</Filter>
    </ClCompile>
    <ClCompile Include="hello_window_clear.cpp">
      <Filter>源文件\1.getting_started\1.2.hello_window_clear</Filter>
    </ClCompile>
  </ItemGroup>
  <ItemGroup>
    <ClInclude Include="shader.h">
      <Filter>头文件</Filter>
    </ClInclude>
  </ItemGroup>
  <ItemGroup>
    <None Include="fragment.glsl">
      <Filter>源文件</Filter>
    </None>
    <None Include="vertex.glsl">
      <Filter>源文件</Filter>
    </None>
  </ItemGroup>
</Project>